
Microsoft Visual Studio Solution File, Format Version 12.00
# Visual Studio 15
VisualStudioVersion = 15.0.28307.329
MinimumVisualStudioVersion = 10.0.40219.1
Project("{FAE04EC0-301F-11D3-BF4B-00C04F79EFBC}") = "zoocool", "zoocool\zoocool.csproj", "{3D1450BA-56D0-40E1-9E33-F856B25C1813}"
EndProject
Global
	GlobalSection(SolutionConfigurationPlatforms) = preSolution
		Debug|Any CPU = Debug|Any CPU
		Release|Any CPU = Release|Any CPU
	EndGlobalSection
	GlobalSection(ProjectConfigurationPlatforms) = postSolution
		{3D1450BA-56D0-40E1-9E33-F856B25C1813}.Debug|Any CPU.ActiveCfg = Debug|Any CPU
		{3D1450BA-56D0-40E1-9E33-F856B25C1813}.Debug|Any CPU.Build.0 = Debug|Any CPU
		{3D1450BA-56D0-40E1-9E33-F856B25C1813}.Release|Any CPU.ActiveCfg = Release|Any CPU
		{3D1450BA-56D0-40E1-9E33-F856B25C1813}.Release|Any CPU.Build.0 = Release|Any CPU
	EndGlobalSection
	GlobalSection(SolutionProperties) = preSolution
		HideSolutionNode = FALSE
	EndGlobalSection
	GlobalSection(ExtensibilityGlobals) = postSolution
		SolutionGuid = {2E598A28-919D-4DB2-86D1-F65CC14D4134}
	EndGlobalSection
EndGlobal
